
Microsoft Visual Studio Solution File, Format Version 12.00
# Visual Studio Version 17
VisualStudioVersion = 17.0.31903.59
MinimumVisualStudioVersion = 10.0.40219.1
Project("{FAE04EC0-301F-11D3-BF4B-00C04F79EFBC}") = "Micr.Domain", "Micr.Domain\Micr.Domain.csproj", "{6C8CA7F8-E6CB-43FA-B98C-49BA43526369}"
EndProject
Project("{FAE04EC0-301F-11D3-BF4B-00C04F79EFBC}") = "Micr.DataAccess", "Micr.DataAccess\Micr.DataAccess.csproj", "{E1BA27A6-F515-45FE-BE31-BA19A35D06CC}"
EndProject
Project("{FAE04EC0-301F-11D3-BF4B-00C04F79EFBC}") = "Micr.BusinessLogic", "Micr.BusinessLogic\Micr.BusinessLogic.csproj", "{91E25C8A-3CAB-4C1C-9470-38C9EE7D15AB}"
EndProject
Project("{FAE04EC0-301F-11D3-BF4B-00C04F79EFBC}") = "Micr.UI", "Micr.UI\Micr.UI.csproj", "{6E81E05F-892A-4821-809A-51F091B54B5D}"
EndProject
Global
	GlobalSection(SolutionConfigurationPlatforms) = preSolution
		Debug|Any CPU = Debug|Any CPU
		Debug|x64 = Debug|x64
		Debug|x86 = Debug|x86
		Release|Any CPU = Release|Any CPU
		Release|x64 = Release|x64
		Release|x86 = Release|x86
	EndGlobalSection
	GlobalSection(ProjectConfigurationPlatforms) = postSolution
		{6C8CA7F8-E6CB-43FA-B98C-49BA43526369}.Debug|Any CPU.ActiveCfg = Debug|Any CPU
		{6C8CA7F8-E6CB-43FA-B98C-49BA43526369}.Debug|Any CPU.Build.0 = Debug|Any CPU
		{6C8CA7F8-E6CB-43FA-B98C-49BA43526369}.Debug|x64.ActiveCfg = Debug|Any CPU
		{6C8CA7F8-E6CB-43FA-B98C-49BA43526369}.Debug|x64.Build.0 = Debug|Any CPU
		{6C8CA7F8-E6CB-43FA-B98C-49BA43526369}.Debug|x86.ActiveCfg = Debug|Any CPU
		{6C8CA7F8-E6CB-43FA-B98C-49BA43526369}.Debug|x86.Build.0 = Debug|Any CPU
		{6C8CA7F8-E6CB-43FA-B98C-49BA43526369}.Release|Any CPU.ActiveCfg = Release|Any CPU
		{6C8CA7F8-E6CB-43FA-B98C-49BA43526369}.Release|Any CPU.Build.0 = Release|Any CPU
		{6C8CA7F8-E6CB-43FA-B98C-49BA43526369}.Release|x64.ActiveCfg = Release|Any CPU
		{6C8CA7F8-E6CB-43FA-B98C-49BA43526369}.Release|x64.Build.0 = Release|Any CPU
		{6C8CA7F8-E6CB-43FA-B98C-49BA43526369}.Release|x86.ActiveCfg = Release|Any CPU
		{6C8CA7F8-E6CB-43FA-B98C-49BA43526369}.Release|x86.Build.0 = Release|Any CPU
		{E1BA27A6-F515-45FE-BE31-BA19A35D06CC}.Debug|Any CPU.ActiveCfg = Debug|Any CPU
		{E1BA27A6-F515-45FE-BE31-BA19A35D06CC}.Debug|Any CPU.Build.0 = Debug|Any CPU
		{E1BA27A6-F515-45FE-BE31-BA19A35D06CC}.Debug|x64.ActiveCfg = Debug|Any CPU
		{E1BA27A6-F515-45FE-BE31-BA19A35D06CC}.Debug|x64.Build.0 = Debug|Any CPU
		{E1BA27A6-F515-45FE-BE31-BA19A35D06CC}.Debug|x86.ActiveCfg = Debug|Any CPU
		{E1BA27A6-F515-45FE-BE31-BA19A35D06CC}.Debug|x86.Build.0 = Debug|Any CPU
		{E1BA27A6-F515-45FE-BE31-BA19A35D06CC}.Release|Any CPU.ActiveCfg = Release|Any CPU
		{E1BA27A6-F515-45FE-BE31-BA19A35D06CC}.Release|Any CPU.Build.0 = Release|Any CPU
		{E1BA27A6-F515-45FE-BE31-BA19A35D06CC}.Release|x64.ActiveCfg = Release|Any CPU
		{E1BA27A6-F515-45FE-BE31-BA19A35D06CC}.Release|x64.Build.0 = Release|Any CPU
		{E1BA27A6-F515-45FE-BE31-BA19A35D06CC}.Release|x86.ActiveCfg = Release|Any CPU
		{E1BA27A6-F515-45FE-BE31-BA19A35D06CC}.Release|x86.Build.0 = Release|Any CPU
		{91E25C8A-3CAB-4C1C-9470-38C9EE7D15AB}.Debug|Any CPU.ActiveCfg = Debug|Any CPU
		{91E25C8A-3CAB-4C1C-9470-38C9EE7D15AB}.Debug|Any CPU.Build.0 = Debug|Any CPU
		{91E25C8A-3CAB-4C1C-9470-38C9EE7D15AB}.Debug|x64.ActiveCfg = Debug|Any CPU
		{91E25C8A-3CAB-4C1C-9470-38C9EE7D15AB}.Debug|x64.Build.0 = Debug|Any CPU
		{91E25C8A-3CAB-4C1C-9470-38C9EE7D15AB}.Debug|x86.ActiveCfg = Debug|Any CPU
		{91E25C8A-3CAB-4C1C-9470-38C9EE7D15AB}.Debug|x86.Build.0 = Debug|Any CPU
		{91E25C8A-3CAB-4C1C-9470-38C9EE7D15AB}.Release|Any CPU.ActiveCfg = Release|Any CPU
		{91E25C8A-3CAB-4C1C-9470-38C9EE7D15AB}.Release|Any CPU.Build.0 = Release|Any CPU
		{91E25C8A-3CAB-4C1C-9470-38C9EE7D15AB}.Release|x64.ActiveCfg = Release|Any CPU
		{91E25C8A-3CAB-4C1C-9470-38C9EE7D15AB}.Release|x64.Build.0 = Release|Any CPU
		{91E25C8A-3CAB-4C1C-9470-38C9EE7D15AB}.Release|x86.ActiveCfg = Release|Any CPU
		{91E25C8A-3CAB-4C1C-9470-38C9EE7D15AB}.Release|x86.Build.0 = Release|Any CPU
		{6E81E05F-892A-4821-809A-51F091B54B5D}.Debug|Any CPU.ActiveCfg = Debug|Any CPU
		{6E81E05F-892A-4821-809A-51F091B54B5D}.Debug|Any CPU.Build.0 = Debug|Any CPU
		{6E81E05F-892A-4821-809A-51F091B54B5D}.Debug|x64.ActiveCfg = Debug|Any CPU
		{6E81E05F-892A-4821-809A-51F091B54B5D}.Debug|x64.Build.0 = Debug|Any CPU
		{6E81E05F-892A-4821-809A-51F091B54B5D}.Debug|x86.ActiveCfg = Debug|Any CPU
		{6E81E05F-892A-4821-809A-51F091B54B5D}.Debug|x86.Build.0 = Debug|Any CPU
		{6E81E05F-892A-4821-809A-51F091B54B5D}.Release|Any CPU.ActiveCfg = Release|Any CPU
		{6E81E05F-892A-4821-809A-51F091B54B5D}.Release|Any CPU.Build.0 = Release|Any CPU
		{6E81E05F-892A-4821-809A-51F091B54B5D}.Release|x64.ActiveCfg = Release|Any CPU
		{6E81E05F-892A-4821-809A-51F091B54B5D}.Release|x64.Build.0 = Release|Any CPU
		{6E81E05F-892A-4821-809A-51F091B54B5D}.Release|x86.ActiveCfg = Release|Any CPU
		{6E81E05F-892A-4821-809A-51F091B54B5D}.Release|x86.Build.0 = Release|Any CPU
	EndGlobalSection
	GlobalSection(SolutionProperties) = preSolution
		HideSolutionNode = FALSE
	EndGlobalSection
EndGlobal
