
Microsoft Visual Studio Solution File, Format Version 12.00
# Visual Studio Version 17
VisualStudioVersion = 17.0.31903.59
MinimumVisualStudioVersion = 10.0.40219.1
Project("{FAE04EC0-301F-11D3-BF4B-00C04F79EFBC}") = "Domain", "Domain\Domain.csproj", "{75E60A68-218E-4969-BB93-F9A963616255}"
EndProject
Project("{FAE04EC0-301F-11D3-BF4B-00C04F79EFBC}") = "DataAccess", "DataAccess\DataAccess.csproj", "{215326A5-1B1E-41A0-A81B-524B003CCE5C}"
EndProject
Project("{FAE04EC0-301F-11D3-BF4B-00C04F79EFBC}") = "BusinessLogic", "BusinessLogic\BusinessLogic.csproj", "{F7D9417A-796C-4153-B728-35F775A35937}"
EndProject
Project("{FAE04EC0-301F-11D3-BF4B-00C04F79EFBC}") = "MicrUI", "MicrUI\MicrUI.csproj", "{A1ADAD9E-89EF-4AE3-B0C8-9B0944F2A18B}"
EndProject
Project("{FAE04EC0-301F-11D3-BF4B-00C04F79EFBC}") = "Domain.Host", "Domain.Host\Domain.Host.csproj", "{CECD4BFF-E718-4D55-AD14-0EC102F6D6D2}"
EndProject
Project("{FAE04EC0-301F-11D3-BF4B-00C04F79EFBC}") = "DataAccess.Host", "DataAccess.Host\DataAccess.Host.csproj", "{04BBF6FF-1CBC-4798-8389-B90189AFAE36}"
EndProject
Project("{FAE04EC0-301F-11D3-BF4B-00C04F79EFBC}") = "BusinessLogic.Host", "BusinessLogic.Host\BusinessLogic.Host.csproj", "{BBF3D6A7-CFFD-441D-9CF2-F0712783779E}"
EndProject
Global
	GlobalSection(SolutionConfigurationPlatforms) = preSolution
		Debug|Any CPU = Debug|Any CPU
		Debug|x64 = Debug|x64
		Debug|x86 = Debug|x86
		Release|Any CPU = Release|Any CPU
		Release|x64 = Release|x64
		Release|x86 = Release|x86
	EndGlobalSection
	GlobalSection(ProjectConfigurationPlatforms) = postSolution
		{75E60A68-218E-4969-BB93-F9A963616255}.Debug|Any CPU.ActiveCfg = Debug|Any CPU
		{75E60A68-218E-4969-BB93-F9A963616255}.Debug|Any CPU.Build.0 = Debug|Any CPU
		{75E60A68-218E-4969-BB93-F9A963616255}.Debug|x64.ActiveCfg = Debug|Any CPU
		{75E60A68-218E-4969-BB93-F9A963616255}.Debug|x64.Build.0 = Debug|Any CPU
		{75E60A68-218E-4969-BB93-F9A963616255}.Debug|x86.ActiveCfg = Debug|Any CPU
		{75E60A68-218E-4969-BB93-F9A963616255}.Debug|x86.Build.0 = Debug|Any CPU
		{75E60A68-218E-4969-BB93-F9A963616255}.Release|Any CPU.ActiveCfg = Release|Any CPU
		{75E60A68-218E-4969-BB93-F9A963616255}.Release|Any CPU.Build.0 = Release|Any CPU
		{75E60A68-218E-4969-BB93-F9A963616255}.Release|x64.ActiveCfg = Release|Any CPU
		{75E60A68-218E-4969-BB93-F9A963616255}.Release|x64.Build.0 = Release|Any CPU
		{75E60A68-218E-4969-BB93-F9A963616255}.Release|x86.ActiveCfg = Release|Any CPU
		{75E60A68-218E-4969-BB93-F9A963616255}.Release|x86.Build.0 = Release|Any CPU
		{215326A5-1B1E-41A0-A81B-524B003CCE5C}.Debug|Any CPU.ActiveCfg = Debug|Any CPU
		{215326A5-1B1E-41A0-A81B-524B003CCE5C}.Debug|Any CPU.Build.0 = Debug|Any CPU
		{215326A5-1B1E-41A0-A81B-524B003CCE5C}.Debug|x64.ActiveCfg = Debug|Any CPU
		{215326A5-1B1E-41A0-A81B-524B003CCE5C}.Debug|x64.Build.0 = Debug|Any CPU
		{215326A5-1B1E-41A0-A81B-524B003CCE5C}.Debug|x86.ActiveCfg = Debug|Any CPU
		{215326A5-1B1E-41A0-A81B-524B003CCE5C}.Debug|x86.Build.0 = Debug|Any CPU
		{215326A5-1B1E-41A0-A81B-524B003CCE5C}.Release|Any CPU.ActiveCfg = Release|Any CPU
		{215326A5-1B1E-41A0-A81B-524B003CCE5C}.Release|Any CPU.Build.0 = Release|Any CPU
		{215326A5-1B1E-41A0-A81B-524B003CCE5C}.Release|x64.ActiveCfg = Release|Any CPU
		{215326A5-1B1E-41A0-A81B-524B003CCE5C}.Release|x64.Build.0 = Release|Any CPU
		{215326A5-1B1E-41A0-A81B-524B003CCE5C}.Release|x86.ActiveCfg = Release|Any CPU
		{215326A5-1B1E-41A0-A81B-524B003CCE5C}.Release|x86.Build.0 = Release|Any CPU
		{F7D9417A-796C-4153-B728-35F775A35937}.Debug|Any CPU.ActiveCfg = Debug|Any CPU
		{F7D9417A-796C-4153-B728-35F775A35937}.Debug|Any CPU.Build.0 = Debug|Any CPU
		{F7D9417A-796C-4153-B728-35F775A35937}.Debug|x64.ActiveCfg = Debug|Any CPU
		{F7D9417A-796C-4153-B728-35F775A35937}.Debug|x64.Build.0 = Debug|Any CPU
		{F7D9417A-796C-4153-B728-35F775A35937}.Debug|x86.ActiveCfg = Debug|Any CPU
		{F7D9417A-796C-4153-B728-35F775A35937}.Debug|x86.Build.0 = Debug|Any CPU
		{F7D9417A-796C-4153-B728-35F775A35937}.Release|Any CPU.ActiveCfg = Release|Any CPU
		{F7D9417A-796C-4153-B728-35F775A35937}.Release|Any CPU.Build.0 = Release|Any CPU
		{F7D9417A-796C-4153-B728-35F775A35937}.Release|x64.ActiveCfg = Release|Any CPU
		{F7D9417A-796C-4153-B728-35F775A35937}.Release|x64.Build.0 = Release|Any CPU
		{F7D9417A-796C-4153-B728-35F775A35937}.Release|x86.ActiveCfg = Release|Any CPU
		{F7D9417A-796C-4153-B728-35F775A35937}.Release|x86.Build.0 = Release|Any CPU
		{A1ADAD9E-89EF-4AE3-B0C8-9B0944F2A18B}.Debug|Any CPU.ActiveCfg = Debug|Any CPU
		{A1ADAD9E-89EF-4AE3-B0C8-9B0944F2A18B}.Debug|Any CPU.Build.0 = Debug|Any CPU
		{A1ADAD9E-89EF-4AE3-B0C8-9B0944F2A18B}.Debug|x64.ActiveCfg = Debug|Any CPU
		{A1ADAD9E-89EF-4AE3-B0C8-9B0944F2A18B}.Debug|x64.Build.0 = Debug|Any CPU
		{A1ADAD9E-89EF-4AE3-B0C8-9B0944F2A18B}.Debug|x86.ActiveCfg = Debug|Any CPU
		{A1ADAD9E-89EF-4AE3-B0C8-9B0944F2A18B}.Debug|x86.Build.0 = Debug|Any CPU
		{A1ADAD9E-89EF-4AE3-B0C8-9B0944F2A18B}.Release|Any CPU.ActiveCfg = Release|Any CPU
		{A1ADAD9E-89EF-4AE3-B0C8-9B0944F2A18B}.Release|Any CPU.Build.0 = Release|Any CPU
		{A1ADAD9E-89EF-4AE3-B0C8-9B0944F2A18B}.Release|x64.ActiveCfg = Release|Any CPU
		{A1ADAD9E-89EF-4AE3-B0C8-9B0944F2A18B}.Release|x64.Build.0 = Release|Any CPU
		{A1ADAD9E-89EF-4AE3-B0C8-9B0944F2A18B}.Release|x86.ActiveCfg = Release|Any CPU
		{A1ADAD9E-89EF-4AE3-B0C8-9B0944F2A18B}.Release|x86.Build.0 = Release|Any CPU
		{CECD4BFF-E718-4D55-AD14-0EC102F6D6D2}.Debug|Any CPU.ActiveCfg = Debug|Any CPU
		{CECD4BFF-E718-4D55-AD14-0EC102F6D6D2}.Debug|Any CPU.Build.0 = Debug|Any CPU
		{CECD4BFF-E718-4D55-AD14-0EC102F6D6D2}.Debug|x64.ActiveCfg = Debug|Any CPU
		{CECD4BFF-E718-4D55-AD14-0EC102F6D6D2}.Debug|x64.Build.0 = Debug|Any CPU
		{CECD4BFF-E718-4D55-AD14-0EC102F6D6D2}.Debug|x86.ActiveCfg = Debug|Any CPU
		{CECD4BFF-E718-4D55-AD14-0EC102F6D6D2}.Debug|x86.Build.0 = Debug|Any CPU
		{CECD4BFF-E718-4D55-AD14-0EC102F6D6D2}.Release|Any CPU.ActiveCfg = Release|Any CPU
		{CECD4BFF-E718-4D55-AD14-0EC102F6D6D2}.Release|Any CPU.Build.0 = Release|Any CPU
		{CECD4BFF-E718-4D55-AD14-0EC102F6D6D2}.Release|x64.ActiveCfg = Release|Any CPU
		{CECD4BFF-E718-4D55-AD14-0EC102F6D6D2}.Release|x64.Build.0 = Release|Any CPU
		{CECD4BFF-E718-4D55-AD14-0EC102F6D6D2}.Release|x86.ActiveCfg = Release|Any CPU
		{CECD4BFF-E718-4D55-AD14-0EC102F6D6D2}.Release|x86.Build.0 = Release|Any CPU
		{04BBF6FF-1CBC-4798-8389-B90189AFAE36}.Debug|Any CPU.ActiveCfg = Debug|Any CPU
		{04BBF6FF-1CBC-4798-8389-B90189AFAE36}.Debug|Any CPU.Build.0 = Debug|Any CPU
		{04BBF6FF-1CBC-4798-8389-B90189AFAE36}.Debug|x64.ActiveCfg = Debug|Any CPU
		{04BBF6FF-1CBC-4798-8389-B90189AFAE36}.Debug|x64.Build.0 = Debug|Any CPU
		{04BBF6FF-1CBC-4798-8389-B90189AFAE36}.Debug|x86.ActiveCfg = Debug|Any CPU
		{04BBF6FF-1CBC-4798-8389-B90189AFAE36}.Debug|x86.Build.0 = Debug|Any CPU
		{04BBF6FF-1CBC-4798-8389-B90189AFAE36}.Release|Any CPU.ActiveCfg = Release|Any CPU
		{04BBF6FF-1CBC-4798-8389-B90189AFAE36}.Release|Any CPU.Build.0 = Release|Any CPU
		{04BBF6FF-1CBC-4798-8389-B90189AFAE36}.Release|x64.ActiveCfg = Release|Any CPU
		{04BBF6FF-1CBC-4798-8389-B90189AFAE36}.Release|x64.Build.0 = Release|Any CPU
		{04BBF6FF-1CBC-4798-8389-B90189AFAE36}.Release|x86.ActiveCfg = Release|Any CPU
		{04BBF6FF-1CBC-4798-8389-B90189AFAE36}.Release|x86.Build.0 = Release|Any CPU
		{BBF3D6A7-CFFD-441D-9CF2-F0712783779E}.Debug|Any CPU.ActiveCfg = Debug|Any CPU
		{BBF3D6A7-CFFD-441D-9CF2-F0712783779E}.Debug|Any CPU.Build.0 = Debug|Any CPU
		{BBF3D6A7-CFFD-441D-9CF2-F0712783779E}.Debug|x64.ActiveCfg = Debug|Any CPU
		{BBF3D6A7-CFFD-441D-9CF2-F0712783779E}.Debug|x64.Build.0 = Debug|Any CPU
		{BBF3D6A7-CFFD-441D-9CF2-F0712783779E}.Debug|x86.ActiveCfg = Debug|Any CPU
		{BBF3D6A7-CFFD-441D-9CF2-F0712783779E}.Debug|x86.Build.0 = Debug|Any CPU
		{BBF3D6A7-CFFD-441D-9CF2-F0712783779E}.Release|Any CPU.ActiveCfg = Release|Any CPU
		{BBF3D6A7-CFFD-441D-9CF2-F0712783779E}.Release|Any CPU.Build.0 = Release|Any CPU
		{BBF3D6A7-CFFD-441D-9CF2-F0712783779E}.Release|x64.ActiveCfg = Release|Any CPU
		{BBF3D6A7-CFFD-441D-9CF2-F0712783779E}.Release|x64.Build.0 = Release|Any CPU
		{BBF3D6A7-CFFD-441D-9CF2-F0712783779E}.Release|x86.ActiveCfg = Release|Any CPU
		{BBF3D6A7-CFFD-441D-9CF2-F0712783779E}.Release|x86.Build.0 = Release|Any CPU
	EndGlobalSection
	GlobalSection(SolutionProperties) = preSolution
		HideSolutionNode = FALSE
	EndGlobalSection
EndGlobal
